
Microsoft Visual Studio Solution File, Format Version 12.00
# Visual Studio Version 16
VisualStudioVersion = 16.0.30717.126
MinimumVisualStudioVersion = 10.0.40219.1
Project("{FAE04EC0-301F-11D3-BF4B-00C04F79EFBC}") = "Du", "Du.csproj", "{14FC3F87-1F26-4DC8-BEAF-9A4E5493D362}"
EndProject
Global
	GlobalSection(SolutionConfigurationPlatforms) = preSolution
		Debug|Any CPU = Debug|Any CPU
		Release|Any CPU = Release|Any CPU
	EndGlobalSection
	GlobalSection(ProjectConfigurationPlatforms) = postSolution
		{14FC3F87-1F26-4DC8-BEAF-9A4E5493D362}.Debug|Any CPU.ActiveCfg = Debug|Any CPU
		{14FC3F87-1F26-4DC8-BEAF-9A4E5493D362}.Debug|Any CPU.Build.0 = Debug|Any CPU
		{14FC3F87-1F26-4DC8-BEAF-9A4E5493D362}.Release|Any CPU.ActiveCfg = Release|Any CPU
		{14FC3F87-1F26-4DC8-BEAF-9A4E5493D362}.Release|Any CPU.Build.0 = Release|Any CPU
	EndGlobalSection
	GlobalSection(SolutionProperties) = preSolution
		HideSolutionNode = FALSE
	EndGlobalSection
	GlobalSection(ExtensibilityGlobals) = postSolution
		SolutionGuid = {F91AAD11-D567-477D-9F23-BEDED849518B}
	EndGlobalSection
EndGlobal
