
Microsoft Visual Studio Solution File, Format Version 12.00
# Visual Studio Version 17
VisualStudioVersion = 17.9.34728.123
MinimumVisualStudioVersion = 10.0.40219.1
Project("{FAE04EC0-301F-11D3-BF4B-00C04F79EFBC}") = "Du", "Du.csproj", "{A3A77B6B-DEDF-48AB-8171-EEF27BB4F820}"
EndProject
Global
	GlobalSection(SolutionConfigurationPlatforms) = preSolution
		Debug|Any CPU = Debug|Any CPU
		Release|Any CPU = Release|Any CPU
	EndGlobalSection
	GlobalSection(ProjectConfigurationPlatforms) = postSolution
		{A3A77B6B-DEDF-48AB-8171-EEF27BB4F820}.Debug|Any CPU.ActiveCfg = Debug|Any CPU
		{A3A77B6B-DEDF-48AB-8171-EEF27BB4F820}.Debug|Any CPU.Build.0 = Debug|Any CPU
		{A3A77B6B-DEDF-48AB-8171-EEF27BB4F820}.Release|Any CPU.ActiveCfg = Release|Any CPU
		{A3A77B6B-DEDF-48AB-8171-EEF27BB4F820}.Release|Any CPU.Build.0 = Release|Any CPU
	EndGlobalSection
	GlobalSection(SolutionProperties) = preSolution
		HideSolutionNode = FALSE
	EndGlobalSection
	GlobalSection(ExtensibilityGlobals) = postSolution
		SolutionGuid = {BBFDF04E-6D74-4CA8-94BC-29A0C8070E68}
	EndGlobalSection
EndGlobal
